
Microsoft Visual Studio Solution File, Format Version 12.00
# Visual Studio Version 17
VisualStudioVersion = 17.4.33213.308
MinimumVisualStudioVersion = 10.0.40219.1
Project("{9A19103F-16F7-4668-BE54-9A1E7A4F7556}") = "MusicShop", "MusicShop\MusicShop.csproj", "{F0899FA8-AA7B-41BC-BAF9-9E3184A70E3F}"
EndProject
Project("{2150E333-8FDC-42A3-9474-1A3956D46DE8}") = "src", "src", "{B0ADCB96-8BC5-491A-9C0F-309BA84BD604}"
EndProject
Global
	GlobalSection(SolutionConfigurationPlatforms) = preSolution
		Debug|Any CPU = Debug|Any CPU
		Release|Any CPU = Release|Any CPU
	EndGlobalSection
	GlobalSection(ProjectConfigurationPlatforms) = postSolution
		{F0899FA8-AA7B-41BC-BAF9-9E3184A70E3F}.Debug|Any CPU.ActiveCfg = Debug|Any CPU
		{F0899FA8-AA7B-41BC-BAF9-9E3184A70E3F}.Debug|Any CPU.Build.0 = Debug|Any CPU
		{F0899FA8-AA7B-41BC-BAF9-9E3184A70E3F}.Release|Any CPU.ActiveCfg = Release|Any CPU
		{F0899FA8-AA7B-41BC-BAF9-9E3184A70E3F}.Release|Any CPU.Build.0 = Release|Any CPU
	EndGlobalSection
	GlobalSection(SolutionProperties) = preSolution
		HideSolutionNode = FALSE
	EndGlobalSection
	GlobalSection(NestedProjects) = preSolution
		{F0899FA8-AA7B-41BC-BAF9-9E3184A70E3F} = {B0ADCB96-8BC5-491A-9C0F-309BA84BD604}
	EndGlobalSection
	GlobalSection(ExtensibilityGlobals) = postSolution
		SolutionGuid = {16AFD1EF-EF7C-408D-98B9-11EBEDF6DF7C}
	EndGlobalSection
EndGlobal
